// !$*UTF8*$!
{
	archiveVersion = 1;
	classes = {
	};
	objectVersion = 46;
	objects = {

/* Begin PBXBuildFile section */
		524A06551B1F839600F0553A /* Settings.xib in Resources */ = {isa = PBXBuildFile; fileRef = 524A06541B1F839600F0553A /* Settings.xib */; };
		524A06581B1F86B000F0553A /* MarvinSettingsWindowController.m in Sources */ = {isa = PBXBuildFile; fileRef = 524A06571B1F86B000F0553A /* MarvinSettingsWindowController.m */; };
		524A065A1B1F8F1500F0553A /* Defaults.plist in Resources */ = {isa = PBXBuildFile; fileRef = 524A06591B1F8F1500F0553A /* Defaults.plist */; };
		6F44E9F617DD324B0064F1B7 /* Cocoa.framework in Frameworks */ = {isa = PBXBuildFile; fileRef = 6F44E9F517DD324B0064F1B7 /* Cocoa.framework */; };
		BD4F5BFF1C258B2A00424FE1 /* NSDocument+Propersave.swift in Sources */ = {isa = PBXBuildFile; fileRef = BD4F5BFE1C258B2A00424FE1 /* NSDocument+Propersave.swift */; };
		BD5EBC6519C9F93200F2C8CD /* InfoPlist.strings in Resources */ = {isa = PBXBuildFile; fileRef = BD5EBC6119C9F93200F2C8CD /* InfoPlist.strings */; };
		BD5EBC6A19C9F94700F2C8CD /* MarvinPlugin.m in Sources */ = {isa = PBXBuildFile; fileRef = BD5EBC6919C9F94700F2C8CD /* MarvinPlugin.m */; };
		BD9A8A3119CA09AD00321368 /* XcodeManager.m in Sources */ = {isa = PBXBuildFile; fileRef = BD9A8A3019CA09AD00321368 /* XcodeManager.m */; };
/* End PBXBuildFile section */

/* Begin PBXFileReference section */
		524A06541B1F839600F0553A /* Settings.xib */ = {isa = PBXFileReference; fileEncoding = 4; lastKnownFileType = file.xib; name = Settings.xib; path = MarvinPlugin/Source/MarvinPlugin/Settings.xib; sourceTree = SOURCE_ROOT; };
		524A06561B1F86B000F0553A /* MarvinSettingsWindowController.h */ = {isa = PBXFileReference; fileEncoding = 4; lastKnownFileType = sourcecode.c.h; name = MarvinSettingsWindowController.h; path = MarvinPlugin/Source/MarvinPlugin/MarvinSettingsWindowController.h; sourceTree = SOURCE_ROOT; };
		524A06571B1F86B000F0553A /* MarvinSettingsWindowController.m */ = {isa = PBXFileReference; fileEncoding = 4; lastKnownFileType = sourcecode.c.objc; name = MarvinSettingsWindowController.m; path = MarvinPlugin/Source/MarvinPlugin/MarvinSettingsWindowController.m; sourceTree = SOURCE_ROOT; };
		524A06591B1F8F1500F0553A /* Defaults.plist */ = {isa = PBXFileReference; fileEncoding = 4; lastKnownFileType = text.plist.xml; name = Defaults.plist; path = MarvinPlugin/Source/MarvinPlugin/Defaults.plist; sourceTree = SOURCE_ROOT; };
		6F44E9F217DD324B0064F1B7 /* MarvinPlugin.xcplugin */ = {isa = PBXFileReference; explicitFileType = wrapper.cfbundle; includeInIndex = 0; path = MarvinPlugin.xcplugin; sourceTree = BUILT_PRODUCTS_DIR; };
		6F44E9F517DD324B0064F1B7 /* Cocoa.framework */ = {isa = PBXFileReference; lastKnownFileType = wrapper.framework; name = Cocoa.framework; path = System/Library/Frameworks/Cocoa.framework; sourceTree = SDKROOT; };
		6F44E9F817DD324B0064F1B7 /* AppKit.framework */ = {isa = PBXFileReference; lastKnownFileType = wrapper.framework; name = AppKit.framework; path = System/Library/Frameworks/AppKit.framework; sourceTree = SDKROOT; };
		6F44E9F917DD324B0064F1B7 /* CoreData.framework */ = {isa = PBXFileReference; lastKnownFileType = wrapper.framework; name = CoreData.framework; path = System/Library/Frameworks/CoreData.framework; sourceTree = SDKROOT; };
		6F44E9FA17DD324B0064F1B7 /* Foundation.framework */ = {isa = PBXFileReference; lastKnownFileType = wrapper.framework; name = Foundation.framework; path = System/Library/Frameworks/Foundation.framework; sourceTree = SDKROOT; };
		BD4F5BFD1C258B2A00424FE1 /* MarvinPlugin-Bridging-Header.h */ = {isa = PBXFileReference; lastKnownFileType = sourcecode.c.h; path = "MarvinPlugin-Bridging-Header.h"; sourceTree = "<group>"; };
		BD4F5BFE1C258B2A00424FE1 /* NSDocument+Propersave.swift */ = {isa = PBXFileReference; fileEncoding = 4; indentWidth = 2; lastKnownFileType = sourcecode.swift; name = "NSDocument+Propersave.swift"; path = "MarvinPlugin/Source/MarvinPlugin/NSDocument+Propersave.swift"; sourceTree = SOURCE_ROOT; tabWidth = 2; };
		BD5351FA19CA1159006D3B78 /* XcodePrivate.h */ = {isa = PBXFileReference; fileEncoding = 4; lastKnownFileType = sourcecode.c.h; path = XcodePrivate.h; sourceTree = "<group>"; };
		BD5EBC6219C9F93200F2C8CD /* en */ = {isa = PBXFileReference; lastKnownFileType = text.plist.strings; name = en; path = en.lproj/InfoPlist.strings; sourceTree = "<group>"; };
		BD5EBC6319C9F93200F2C8CD /* MarvinPlugIn-Info.plist */ = {isa = PBXFileReference; fileEncoding = 4; lastKnownFileType = text.plist.xml; path = "MarvinPlugIn-Info.plist"; sourceTree = "<group>"; };
		BD5EBC6419C9F93200F2C8CD /* MarvinPlugIn-Prefix.pch */ = {isa = PBXFileReference; fileEncoding = 4; lastKnownFileType = sourcecode.c.h; path = "MarvinPlugIn-Prefix.pch"; sourceTree = "<group>"; };
		BD5EBC6819C9F94700F2C8CD /* MarvinPlugin.h */ = {isa = PBXFileReference; fileEncoding = 4; lastKnownFileType = sourcecode.c.h; path = MarvinPlugin.h; sourceTree = "<group>"; };
		BD5EBC6919C9F94700F2C8CD /* MarvinPlugin.m */ = {isa = PBXFileReference; fileEncoding = 4; lastKnownFileType = sourcecode.c.objc; path = MarvinPlugin.m; sourceTree = "<group>"; };
		BD9A8A2F19CA09AD00321368 /* XcodeManager.h */ = {isa = PBXFileReference; fileEncoding = 4; lastKnownFileType = sourcecode.c.h; path = XcodeManager.h; sourceTree = "<group>"; };
		BD9A8A3019CA09AD00321368 /* XcodeManager.m */ = {isa = PBXFileReference; fileEncoding = 4; lastKnownFileType = sourcecode.c.objc; path = XcodeManager.m; sourceTree = "<group>"; };
		BDBA8FA61AC9E04C00D6F948 /* DVTFoundation.framework */ = {isa = PBXFileReference; lastKnownFileType = wrapper.framework; name = DVTFoundation.framework; path = ../../../../Applications/Xcode.app/Contents/SharedFrameworks/DVTFoundation.framework; sourceTree = "<group>"; };
		BDBA8FA81AC9E06B00D6F948 /* IDEKit.framework */ = {isa = PBXFileReference; lastKnownFileType = wrapper.framework; name = IDEKit.framework; path = ../../../../Applications/Xcode.app/Contents/Frameworks/IDEKit.framework; sourceTree = "<group>"; };
		BDBA8FAA1AC9E08600D6F948 /* DVTKit.framework */ = {isa = PBXFileReference; lastKnownFileType = wrapper.framework; name = DVTKit.framework; path = ../../../../Applications/Xcode.app/Contents/SharedFrameworks/DVTKit.framework; sourceTree = "<group>"; };
/* End PBXFileReference section */

/* Begin PBXFrameworksBuildPhase section */
		6F44E9EF17DD324B0064F1B7 /* Frameworks */ = {
			isa = PBXFrameworksBuildPhase;
			buildActionMask = 2147483647;
			files = (
				6F44E9F617DD324B0064F1B7 /* Cocoa.framework in Frameworks */,
			);
			runOnlyForDeploymentPostprocessing = 0;
		};
/* End PBXFrameworksBuildPhase section */

/* Begin PBXGroup section */
		6F44E9E917DD324B0064F1B7 = {
			isa = PBXGroup;
			children = (
				BD5EBC6019C9F93200F2C8CD /* Supporting Files */,
				BD5EBC5B19C9F91400F2C8CD /* Source */,
				6F44E9F417DD324B0064F1B7 /* Frameworks */,
				6F44E9F317DD324B0064F1B7 /* Products */,
			);
			indentWidth = 4;
			sourceTree = "<group>";
			tabWidth = 4;
			usesTabs = 0;
		};
		6F44E9F317DD324B0064F1B7 /* Products */ = {
			isa = PBXGroup;
			children = (
				6F44E9F217DD324B0064F1B7 /* MarvinPlugin.xcplugin */,
			);
			name = Products;
			sourceTree = "<group>";
		};
		6F44E9F417DD324B0064F1B7 /* Frameworks */ = {
			isa = PBXGroup;
			children = (
				BDBA8FAA1AC9E08600D6F948 /* DVTKit.framework */,
				BDBA8FA81AC9E06B00D6F948 /* IDEKit.framework */,
				BDBA8FA61AC9E04C00D6F948 /* DVTFoundation.framework */,
				6F44E9F517DD324B0064F1B7 /* Cocoa.framework */,
				6F44E9F717DD324B0064F1B7 /* Other Frameworks */,
			);
			name = Frameworks;
			sourceTree = "<group>";
		};
		6F44E9F717DD324B0064F1B7 /* Other Frameworks */ = {
			isa = PBXGroup;
			children = (
				6F44E9F817DD324B0064F1B7 /* AppKit.framework */,
				6F44E9F917DD324B0064F1B7 /* CoreData.framework */,
				6F44E9FA17DD324B0064F1B7 /* Foundation.framework */,
			);
			name = "Other Frameworks";
			sourceTree = "<group>";
		};
		BD5EBC5B19C9F91400F2C8CD /* Source */ = {
			isa = PBXGroup;
			children = (
				BD5EBC6719C9F94700F2C8CD /* MarvinPlugin */,
			);
			name = Source;
			path = MarvinPlugIn/Source;
			sourceTree = "<group>";
		};
		BD5EBC6019C9F93200F2C8CD /* Supporting Files */ = {
			isa = PBXGroup;
			children = (
				BD5EBC6119C9F93200F2C8CD /* InfoPlist.strings */,
				BD5EBC6319C9F93200F2C8CD /* MarvinPlugIn-Info.plist */,
				BD5EBC6419C9F93200F2C8CD /* MarvinPlugIn-Prefix.pch */,
			);
			name = "Supporting Files";
			path = "MarvinPlugIn/Supporting Files";
			sourceTree = "<group>";
		};
		BD5EBC6719C9F94700F2C8CD /* MarvinPlugin */ = {
			isa = PBXGroup;
			children = (
				524A06591B1F8F1500F0553A /* Defaults.plist */,
				BD5EBC6819C9F94700F2C8CD /* MarvinPlugin.h */,
				BD5EBC6919C9F94700F2C8CD /* MarvinPlugin.m */,
				524A06561B1F86B000F0553A /* MarvinSettingsWindowController.h */,
				524A06571B1F86B000F0553A /* MarvinSettingsWindowController.m */,
				524A06541B1F839600F0553A /* Settings.xib */,
				BD9A8A2F19CA09AD00321368 /* XcodeManager.h */,
				BD9A8A3019CA09AD00321368 /* XcodeManager.m */,
				BD5351FA19CA1159006D3B78 /* XcodePrivate.h */,
				BD4F5BFE1C258B2A00424FE1 /* NSDocument+Propersave.swift */,
				BD4F5BFD1C258B2A00424FE1 /* MarvinPlugin-Bridging-Header.h */,
			);
			name = MarvinPlugin;
			path = MarvinPlugIn;
			sourceTree = "<group>";
		};
/* End PBXGroup section */

/* Begin PBXNativeTarget section */
		6F44E9F117DD324B0064F1B7 /* MarvinPlugin */ = {
			isa = PBXNativeTarget;
			buildConfigurationList = 6F44EA0417DD324B0064F1B7 /* Build configuration list for PBXNativeTarget "MarvinPlugin" */;
			buildPhases = (
				6F44E9EE17DD324B0064F1B7 /* Sources */,
				6F44E9EF17DD324B0064F1B7 /* Frameworks */,
				6F44E9F017DD324B0064F1B7 /* Resources */,
			);
			buildRules = (
			);
			dependencies = (
			);
			name = MarvinPlugin;
			productName = XcodePlusDeleteLines;
			productReference = 6F44E9F217DD324B0064F1B7 /* MarvinPlugin.xcplugin */;
			productType = "com.apple.product-type.bundle";
		};
/* End PBXNativeTarget section */

/* Begin PBXProject section */
		6F44E9EA17DD324B0064F1B7 /* Project object */ = {
			isa = PBXProject;
			attributes = {
				LastSwiftUpdateCheck = 0720;
				LastUpgradeCheck = 0700;
				ORGANIZATIONNAME = "Octalord Information Inc.";
			};
			buildConfigurationList = 6F44E9ED17DD324B0064F1B7 /* Build configuration list for PBXProject "MarvinPlugin" */;
			compatibilityVersion = "Xcode 3.2";
			developmentRegion = English;
			hasScannedForEncodings = 0;
			knownRegions = (
				en,
			);
			mainGroup = 6F44E9E917DD324B0064F1B7;
			productRefGroup = 6F44E9F317DD324B0064F1B7 /* Products */;
			projectDirPath = "";
			projectRoot = "";
			targets = (
				6F44E9F117DD324B0064F1B7 /* MarvinPlugin */,
			);
		};
/* End PBXProject section */

/* Begin PBXResourcesBuildPhase section */
		6F44E9F017DD324B0064F1B7 /* Resources */ = {
			isa = PBXResourcesBuildPhase;
			buildActionMask = 2147483647;
			files = (
				524A06551B1F839600F0553A /* Settings.xib in Resources */,
				BD5EBC6519C9F93200F2C8CD /* InfoPlist.strings in Resources */,
				524A065A1B1F8F1500F0553A /* Defaults.plist in Resources */,
			);
			runOnlyForDeploymentPostprocessing = 0;
		};
/* End PBXResourcesBuildPhase section */

/* Begin PBXSourcesBuildPhase section */
		6F44E9EE17DD324B0064F1B7 /* Sources */ = {
			isa = PBXSourcesBuildPhase;
			buildActionMask = 2147483647;
			files = (
				BD5EBC6A19C9F94700F2C8CD /* MarvinPlugin.m in Sources */,
				BD4F5BFF1C258B2A00424FE1 /* NSDocument+Propersave.swift in Sources */,
				524A06581B1F86B000F0553A /* MarvinSettingsWindowController.m in Sources */,
				BD9A8A3119CA09AD00321368 /* XcodeManager.m in Sources */,
			);
			runOnlyForDeploymentPostprocessing = 0;
		};
/* End PBXSourcesBuildPhase section */

/* Begin PBXVariantGroup section */
		BD5EBC6119C9F93200F2C8CD /* InfoPlist.strings */ = {
			isa = PBXVariantGroup;
			children = (
				BD5EBC6219C9F93200F2C8CD /* en */,
			);
			name = InfoPlist.strings;
			sourceTree = "<group>";
		};
/* End PBXVariantGroup section */

/* Begin XCBuildConfiguration section */
		6F44EA0217DD324B0064F1B7 /* Debug */ = {
			isa = XCBuildConfiguration;
			buildSettings = {
				ALWAYS_SEARCH_USER_PATHS = NO;
				CLANG_CXX_LANGUAGE_STANDARD = "gnu++0x";
				CLANG_CXX_LIBRARY = "libc++";
				CLANG_WARN_CONSTANT_CONVERSION = YES;
				CLANG_WARN_EMPTY_BODY = YES;
				CLANG_WARN_ENUM_CONVERSION = YES;
				CLANG_WARN_INT_CONVERSION = YES;
				CLANG_WARN__DUPLICATE_METHOD_MATCH = YES;
				COPY_PHASE_STRIP = NO;
				ENABLE_TESTABILITY = YES;
				GCC_C_LANGUAGE_STANDARD = gnu99;
				GCC_DYNAMIC_NO_PIC = NO;
				GCC_ENABLE_OBJC_EXCEPTIONS = YES;
				GCC_OPTIMIZATION_LEVEL = 0;
				GCC_PREPROCESSOR_DEFINITIONS = (
					"DEBUG=1",
					"$(inherited)",
				);
				GCC_SYMBOLS_PRIVATE_EXTERN = NO;
				GCC_WARN_64_TO_32_BIT_CONVERSION = YES;
				GCC_WARN_ABOUT_RETURN_TYPE = YES;
				GCC_WARN_UNINITIALIZED_AUTOS = YES;
				GCC_WARN_UNUSED_VARIABLE = YES;
				MACOSX_DEPLOYMENT_TARGET = 10.9;
				ONLY_ACTIVE_ARCH = YES;
				SDKROOT = macosx;
			};
			name = Debug;
		};
		6F44EA0317DD324B0064F1B7 /* Release */ = {
			isa = XCBuildConfiguration;
			buildSettings = {
				ALWAYS_SEARCH_USER_PATHS = NO;
				CLANG_CXX_LANGUAGE_STANDARD = "gnu++0x";
				CLANG_CXX_LIBRARY = "libc++";
				CLANG_WARN_CONSTANT_CONVERSION = YES;
				CLANG_WARN_EMPTY_BODY = YES;
				CLANG_WARN_ENUM_CONVERSION = YES;
				CLANG_WARN_INT_CONVERSION = YES;
				CLANG_WARN__DUPLICATE_METHOD_MATCH = YES;
				COPY_PHASE_STRIP = YES;
				DEBUG_INFORMATION_FORMAT = "dwarf-with-dsym";
				GCC_C_LANGUAGE_STANDARD = gnu99;
				GCC_ENABLE_OBJC_EXCEPTIONS = YES;
				GCC_WARN_64_TO_32_BIT_CONVERSION = YES;
				GCC_WARN_ABOUT_RETURN_TYPE = YES;
				GCC_WARN_UNINITIALIZED_AUTOS = YES;
				GCC_WARN_UNUSED_VARIABLE = YES;
				MACOSX_DEPLOYMENT_TARGET = 10.9;
				SDKROOT = macosx;
			};
			name = Release;
		};
		6F44EA0517DD324B0064F1B7 /* Debug */ = {
			isa = XCBuildConfiguration;
			buildSettings = {
				CLANG_ENABLE_MODULES = YES;
				CLANG_ENABLE_OBJC_ARC = YES;
				COMBINE_HIDPI_IMAGES = YES;
				CURRENT_PROJECT_VERSION = 1.5.4;
				DEPLOYMENT_LOCATION = YES;
				DSTROOT = "${HOME}";
				FRAMEWORK_SEARCH_PATHS = (
					"$(inherited)",
					"$(SYSTEM_APPS_DIR)/Xcode.app/Contents/SharedFrameworks",
					"$(SYSTEM_APPS_DIR)/Xcode.app/Contents/Frameworks",
				);
				GCC_PRECOMPILE_PREFIX_HEADER = YES;
				GCC_PREFIX_HEADER = "MarvinPlugIn/Supporting Files/MarvinPlugIn-Prefix.pch";
				INFOPLIST_FILE = "MarvinPlugIn/Supporting Files/MarvinPlugIn-Info.plist";
				INSTALL_PATH = "/Library/Application Support/Developer/Shared/Xcode/Plug-ins";
				LD_RUNPATH_SEARCH_PATHS = "$(inherited) @executable_path/../Frameworks @loader_path/../Frameworks $(DT_TOOLCHAIN_DIR)/usr/lib/swift/macosx";
				PRODUCT_BUNDLE_IDENTIFIER = "com.zenangst.${PRODUCT_NAME:rfc1034identifier}";
				PRODUCT_NAME = MarvinPlugin;
				SWIFT_OBJC_BRIDGING_HEADER = "MarvinPlugIn/Source/MarvinPlugIn/MarvinPlugin-Bridging-Header.h";
				SWIFT_OPTIMIZATION_LEVEL = "-Onone";
				VERSIONING_SYSTEM = "apple-generic";
				WRAPPER_EXTENSION = xcplugin;
			};
			name = Debug;
		};
		6F44EA0617DD324B0064F1B7 /* Release */ = {
			isa = XCBuildConfiguration;
			buildSettings = {
				CLANG_ENABLE_MODULES = YES;
				CLANG_ENABLE_OBJC_ARC = YES;
				COMBINE_HIDPI_IMAGES = YES;
				CURRENT_PROJECT_VERSION = 1.5.4;
				DEPLOYMENT_LOCATION = YES;
				DSTROOT = "${HOME}";
				FRAMEWORK_SEARCH_PATHS = (
					"$(inherited)",
					"$(SYSTEM_APPS_DIR)/Xcode.app/Contents/SharedFrameworks",
					"$(SYSTEM_APPS_DIR)/Xcode.app/Contents/Frameworks",
				);
				GCC_PRECOMPILE_PREFIX_HEADER = YES;
				GCC_PREFIX_HEADER = "MarvinPlugIn/Supporting Files/MarvinPlugIn-Prefix.pch";
				INFOPLIST_FILE = "MarvinPlugIn/Supporting Files/MarvinPlugIn-Info.plist";
				INSTALL_PATH = "/Library/Application Support/Developer/Shared/Xcode/Plug-ins";
				LD_RUNPATH_SEARCH_PATHS = "$(inherited) @executable_path/../Frameworks @loader_path/../Frameworks $(DT_TOOLCHAIN_DIR)/usr/lib/swift/macosx";
				PRODUCT_BUNDLE_IDENTIFIER = "com.zenangst.${PRODUCT_NAME:rfc1034identifier}";
				PRODUCT_NAME = MarvinPlugin;
				SWIFT_OBJC_BRIDGING_HEADER = "MarvinPlugIn/Source/MarvinPlugIn/MarvinPlugin-Bridging-Header.h";
				VERSIONING_SYSTEM = "apple-generic";
				WRAPPER_EXTENSION = xcplugin;
			};
			name = Release;
		};
/* End XCBuildConfiguration section */

/* Begin XCConfigurationList section */
		6F44E9ED17DD324B0064F1B7 /* Build configuration list for PBXProject "MarvinPlugin" */ = {
			isa = XCConfigurationList;
			buildConfigurations = (
				6F44EA0217DD324B0064F1B7 /* Debug */,
				6F44EA0317DD324B0064F1B7 /* Release */,
			);
			defaultConfigurationIsVisible = 0;
			defaultConfigurationName = Release;
		};
		6F44EA0417DD324B0064F1B7 /* Build configuration list for PBXNativeTarget "MarvinPlugin" */ = {
			isa = XCConfigurationList;
			buildConfigurations = (
				6F44EA0517DD324B0064F1B7 /* Debug */,
				6F44EA0617DD324B0064F1B7 /* Release */,
			);
			defaultConfigurationIsVisible = 0;
			defaultConfigurationName = Release;
		};
/* End XCConfigurationList section */
	};
	rootObject = 6F44E9EA17DD324B0064F1B7 /* Project object */;
}
